
Microsoft Visual Studio Solution File, Format Version 12.00
# Visual Studio Version 17
VisualStudioVersion = 17.14.37012.4 d17.14
MinimumVisualStudioVersion = 10.0.40219.1
Project("{FAE04EC0-301F-11D3-BF4B-00C04F79EFBC}") = "YemekSiparisi", "YemekSiparisi\YemekSiparisi.csproj", "{49E083EA-805A-429C-9693-5ABC7E9400C2}"
EndProject
Global
	GlobalSection(SolutionConfigurationPlatforms) = preSolution
		Debug|Any CPU = Debug|Any CPU
		Release|Any CPU = Release|Any CPU
	EndGlobalSection
	GlobalSection(ProjectConfigurationPlatforms) = postSolution
		{49E083EA-805A-429C-9693-5ABC7E9400C2}.Debug|Any CPU.ActiveCfg = Debug|Any CPU
		{49E083EA-805A-429C-9693-5ABC7E9400C2}.Debug|Any CPU.Build.0 = Debug|Any CPU
		{49E083EA-805A-429C-9693-5ABC7E9400C2}.Release|Any CPU.ActiveCfg = Release|Any CPU
		{49E083EA-805A-429C-9693-5ABC7E9400C2}.Release|Any CPU.Build.0 = Release|Any CPU
	EndGlobalSection
	GlobalSection(SolutionProperties) = preSolution
		HideSolutionNode = FALSE
	EndGlobalSection
	GlobalSection(ExtensibilityGlobals) = postSolution
		SolutionGuid = {68EC5BD6-B157-4C22-9CC4-92862E3CD81F}
	EndGlobalSection
EndGlobal
